// !$*UTF8*$!
{
	archiveVersion = 1;
	classes = {
	};
	objectVersion = 46;
	objects = {

/* Begin PBXBuildFile section */
		BC34C0AD1E932F0100EA1F91 /* AppDelegate.swift in Sources */ = {isa = PBXBuildFile; fileRef = BC34C0AC1E932F0100EA1F91 /* AppDelegate.swift */; };
		BC34C0AF1E932F0100EA1F91 /* ViewController.swift in Sources */ = {isa = PBXBuildFile; fileRef = BC34C0AE1E932F0100EA1F91 /* ViewController.swift */; };
		BC34C0B21E932F0100EA1F91 /* Main.storyboard in Resources */ = {isa = PBXBuildFile; fileRef = BC34C0B01E932F0100EA1F91 /* Main.storyboard */; };
		BC34C0B41E932F0100EA1F91 /* Assets.xcassets in Resources */ = {isa = PBXBuildFile; fileRef = BC34C0B31E932F0100EA1F91 /* Assets.xcassets */; };
		BC34C0B71E932F0100EA1F91 /* LaunchScreen.storyboard in Resources */ = {isa = PBXBuildFile; fileRef = BC34C0B51E932F0100EA1F91 /* LaunchScreen.storyboard */; };
		BC34C0C21E932F0100EA1F91 /* ios_foundation_dateformater_demoTests.swift in Sources */ = {isa = PBXBuildFile; fileRef = BC34C0C11E932F0100EA1F91 /* ios_foundation_dateformater_demoTests.swift */; };
/* End PBXBuildFile section */

/* Begin PBXContainerItemProxy section */
		BC34C0BE1E932F0100EA1F91 /* PBXContainerItemProxy */ = {
			isa = PBXContainerItemProxy;
			containerPortal = BC34C0A11E932F0100EA1F91 /* Project object */;
			proxyType = 1;
			remoteGlobalIDString = BC34C0A81E932F0100EA1F91;
			remoteInfo = "ios-foundation-dateformater-demo";
		};
/* End PBXContainerItemProxy section */

/* Begin PBXFileReference section */
		BC34C0A91E932F0100EA1F91 /* ios-foundation-dateformater-demo.app */ = {isa = PBXFileReference; explicitFileType = wrapper.application; includeInIndex = 0; path = "ios-foundation-dateformater-demo.app"; sourceTree = BUILT_PRODUCTS_DIR; };
		BC34C0AC1E932F0100EA1F91 /* AppDelegate.swift */ = {isa = PBXFileReference; lastKnownFileType = sourcecode.swift; path = AppDelegate.swift; sourceTree = "<group>"; };
		BC34C0AE1E932F0100EA1F91 /* ViewController.swift */ = {isa = PBXFileReference; lastKnownFileType = sourcecode.swift; path = ViewController.swift; sourceTree = "<group>"; };
		BC34C0B11E932F0100EA1F91 /* Base */ = {isa = PBXFileReference; lastKnownFileType = file.storyboard; name = Base; path = Base.lproj/Main.storyboard; sourceTree = "<group>"; };
		BC34C0B31E932F0100EA1F91 /* Assets.xcassets */ = {isa = PBXFileReference; lastKnownFileType = folder.assetcatalog; path = Assets.xcassets; sourceTree = "<group>"; };
		BC34C0B61E932F0100EA1F91 /* Base */ = {isa = PBXFileReference; lastKnownFileType = file.storyboard; name = Base; path = Base.lproj/LaunchScreen.storyboard; sourceTree = "<group>"; };
		BC34C0B81E932F0100EA1F91 /* Info.plist */ = {isa = PBXFileReference; lastKnownFileType = text.plist.xml; path = Info.plist; sourceTree = "<group>"; };
		BC34C0BD1E932F0100EA1F91 /* ios-foundation-dateformater-demoTests.xctest */ = {isa = PBXFileReference; explicitFileType = wrapper.cfbundle; includeInIndex = 0; path = "ios-foundation-dateformater-demoTests.xctest"; sourceTree = BUILT_PRODUCTS_DIR; };
		BC34C0C11E932F0100EA1F91 /* ios_foundation_dateformater_demoTests.swift */ = {isa = PBXFileReference; lastKnownFileType = sourcecode.swift; path = ios_foundation_dateformater_demoTests.swift; sourceTree = "<group>"; };
		BC34C0C31E932F0100EA1F91 /* Info.plist */ = {isa = PBXFileReference; lastKnownFileType = text.plist.xml; path = Info.plist; sourceTree = "<group>"; };
/* End PBXFileReference section */

/* Begin PBXFrameworksBuildPhase section */
		BC34C0A61E932F0100EA1F91 /* Frameworks */ = {
			isa = PBXFrameworksBuildPhase;
			buildActionMask = 2147483647;
			files = (
			);
			runOnlyForDeploymentPostprocessing = 0;
		};
		BC34C0BA1E932F0100EA1F91 /* Frameworks */ = {
			isa = PBXFrameworksBuildPhase;
			buildActionMask = 2147483647;
			files = (
			);
			runOnlyForDeploymentPostprocessing = 0;
		};
/* End PBXFrameworksBuildPhase section */

/* Begin PBXGroup section */
		BC34C0A01E932F0100EA1F91 = {
			isa = PBXGroup;
			children = (
				BC34C0AB1E932F0100EA1F91 /* ios-foundation-dateformater-demo */,
				BC34C0C01E932F0100EA1F91 /* ios-foundation-dateformater-demoTests */,
				BC34C0AA1E932F0100EA1F91 /* Products */,
			);
			sourceTree = "<group>";
		};
		BC34C0AA1E932F0100EA1F91 /* Products */ = {
			isa = PBXGroup;
			children = (
				BC34C0A91E932F0100EA1F91 /* ios-foundation-dateformater-demo.app */,
				BC34C0BD1E932F0100EA1F91 /* ios-foundation-dateformater-demoTests.xctest */,
			);
			name = Products;
			sourceTree = "<group>";
		};
		BC34C0AB1E932F0100EA1F91 /* ios-foundation-dateformater-demo */ = {
			isa = PBXGroup;
			children = (
				BC34C0AC1E932F0100EA1F91 /* AppDelegate.swift */,
				BC34C0AE1E932F0100EA1F91 /* ViewController.swift */,
				BC34C0B01E932F0100EA1F91 /* Main.storyboard */,
				BC34C0B31E932F0100EA1F91 /* Assets.xcassets */,
				BC34C0B51E932F0100EA1F91 /* LaunchScreen.storyboard */,
				BC34C0B81E932F0100EA1F91 /* Info.plist */,
			);
			path = "ios-foundation-dateformater-demo";
			sourceTree = "<group>";
		};
		BC34C0C01E932F0100EA1F91 /* ios-foundation-dateformater-demoTests */ = {
			isa = PBXGroup;
			children = (
				BC34C0C11E932F0100EA1F91 /* ios_foundation_dateformater_demoTests.swift */,
				BC34C0C31E932F0100EA1F91 /* Info.plist */,
			);
			path = "ios-foundation-dateformater-demoTests";
			sourceTree = "<group>";
		};
/* End PBXGroup section */

/* Begin PBXNativeTarget section */
		BC34C0A81E932F0100EA1F91 /* ios-foundation-dateformater-demo */ = {
			isa = PBXNativeTarget;
			buildConfigurationList = BC34C0C61E932F0100EA1F91 /* Build configuration list for PBXNativeTarget "ios-foundation-dateformater-demo" */;
			buildPhases = (
				BC34C0A51E932F0100EA1F91 /* Sources */,
				BC34C0A61E932F0100EA1F91 /* Frameworks */,
				BC34C0A71E932F0100EA1F91 /* Resources */,
			);
			buildRules = (
			);
			dependencies = (
			);
			name = "ios-foundation-dateformater-demo";
			productName = "ios-foundation-dateformater-demo";
			productReference = BC34C0A91E932F0100EA1F91 /* ios-foundation-dateformater-demo.app */;
			productType = "com.apple.product-type.application";
		};
		BC34C0BC1E932F0100EA1F91 /* ios-foundation-dateformater-demoTests */ = {
			isa = PBXNativeTarget;
			buildConfigurationList = BC34C0C91E932F0100EA1F91 /* Build configuration list for PBXNativeTarget "ios-foundation-dateformater-demoTests" */;
			buildPhases = (
				BC34C0B91E932F0100EA1F91 /* Sources */,
				BC34C0BA1E932F0100EA1F91 /* Frameworks */,
				BC34C0BB1E932F0100EA1F91 /* Resources */,
			);
			buildRules = (
			);
			dependencies = (
				BC34C0BF1E932F0100EA1F91 /* PBXTargetDependency */,
			);
			name = "ios-foundation-dateformater-demoTests";
			productName = "ios-foundation-dateformater-demoTests";
			productReference = BC34C0BD1E932F0100EA1F91 /* ios-foundation-dateformater-demoTests.xctest */;
			productType = "com.apple.product-type.bundle.unit-test";
		};
/* End PBXNativeTarget section */

/* Begin PBXProject section */
		BC34C0A11E932F0100EA1F91 /* Project object */ = {
			isa = PBXProject;
			attributes = {
				LastSwiftUpdateCheck = 0830;
				LastUpgradeCheck = 0830;
				ORGANIZATIONNAME = "Eiji Kushida";
				TargetAttributes = {
					BC34C0A81E932F0100EA1F91 = {
						CreatedOnToolsVersion = 8.3;
						ProvisioningStyle = Automatic;
					};
					BC34C0BC1E932F0100EA1F91 = {
						CreatedOnToolsVersion = 8.3;
						ProvisioningStyle = Automatic;
						TestTargetID = BC34C0A81E932F0100EA1F91;
					};
				};
			};
			buildConfigurationList = BC34C0A41E932F0100EA1F91 /* Build configuration list for PBXProject "ios-foundation-dateformater-demo" */;
			compatibilityVersion = "Xcode 3.2";
			developmentRegion = English;
			hasScannedForEncodings = 0;
			knownRegions = (
				en,
				Base,
			);
			mainGroup = BC34C0A01E932F0100EA1F91;
			productRefGroup = BC34C0AA1E932F0100EA1F91 /* Products */;
			projectDirPath = "";
			projectRoot = "";
			targets = (
				BC34C0A81E932F0100EA1F91 /* ios-foundation-dateformater-demo */,
				BC34C0BC1E932F0100EA1F91 /* ios-foundation-dateformater-demoTests */,
			);
		};
/* End PBXProject section */

/* Begin PBXResourcesBuildPhase section */
		BC34C0A71E932F0100EA1F91 /* Resources */ = {
			isa = PBXResourcesBuildPhase;
			buildActionMask = 2147483647;
			files = (
				BC34C0B71E932F0100EA1F91 /* LaunchScreen.storyboard in Resources */,
				BC34C0B41E932F0100EA1F91 /* Assets.xcassets in Resources */,
				BC34C0B21E932F0100EA1F91 /* Main.storyboard in Resources */,
			);
			runOnlyForDeploymentPostprocessing = 0;
		};
		BC34C0BB1E932F0100EA1F91 /* Resources */ = {
			isa = PBXResourcesBuildPhase;
			buildActionMask = 2147483647;
			files = (
			);
			runOnlyForDeploymentPostprocessing = 0;
		};
/* End PBXResourcesBuildPhase section */

/* Begin PBXSourcesBuildPhase section */
		BC34C0A51E932F0100EA1F91 /* Sources */ = {
			isa = PBXSourcesBuildPhase;
			buildActionMask = 2147483647;
			files = (
				BC34C0AF1E932F0100EA1F91 /* ViewController.swift in Sources */,
				BC34C0AD1E932F0100EA1F91 /* AppDelegate.swift in Sources */,
			);
			runOnlyForDeploymentPostprocessing = 0;
		};
		BC34C0B91E932F0100EA1F91 /* Sources */ = {
			isa = PBXSourcesBuildPhase;
			buildActionMask = 2147483647;
			files = (
				BC34C0C21E932F0100EA1F91 /* ios_foundation_dateformater_demoTests.swift in Sources */,
			);
			runOnlyForDeploymentPostprocessing = 0;
		};
/* End PBXSourcesBuildPhase section */

/* Begin PBXTargetDependency section */
		BC34C0BF1E932F0100EA1F91 /* PBXTargetDependency */ = {
			isa = PBXTargetDependency;
			target = BC34C0A81E932F0100EA1F91 /* ios-foundation-dateformater-demo */;
			targetProxy = BC34C0BE1E932F0100EA1F91 /* PBXContainerItemProxy */;
		};
/* End PBXTargetDependency section */

/* Begin PBXVariantGroup section */
		BC34C0B01E932F0100EA1F91 /* Main.storyboard */ = {
			isa = PBXVariantGroup;
			children = (
				BC34C0B11E932F0100EA1F91 /* Base */,
			);
			name = Main.storyboard;
			sourceTree = "<group>";
		};
		BC34C0B51E932F0100EA1F91 /* LaunchScreen.storyboard */ = {
			isa = PBXVariantGroup;
			children = (
				BC34C0B61E932F0100EA1F91 /* Base */,
			);
			name = LaunchScreen.storyboard;
			sourceTree = "<group>";
		};
/* End PBXVariantGroup section */

/* Begin XCBuildConfiguration section */
		BC34C0C41E932F0100EA1F91 /* Debug */ = {
			isa = XCBuildConfiguration;
			buildSettings = {
				ALWAYS_SEARCH_USER_PATHS = NO;
				CLANG_ANALYZER_NONNULL = YES;
				CLANG_ANALYZER_NUMBER_OBJECT_CONVERSION = YES_AGGRESSIVE;
				CLANG_CXX_LANGUAGE_STANDARD = "gnu++0x";
				CLANG_CXX_LIBRARY = "libc++";
				CLANG_ENABLE_MODULES = YES;
				CLANG_ENABLE_OBJC_ARC = YES;
				CLANG_WARN_BOOL_CONVERSION = YES;
				CLANG_WARN_CONSTANT_CONVERSION = YES;
				CLANG_WARN_DIRECT_OBJC_ISA_USAGE = YES_ERROR;
				CLANG_WARN_DOCUMENTATION_COMMENTS = YES;
				CLANG_WARN_EMPTY_BODY = YES;
				CLANG_WARN_ENUM_CONVERSION = YES;
				CLANG_WARN_INFINITE_RECURSION = YES;
				CLANG_WARN_INT_CONVERSION = YES;
				CLANG_WARN_OBJC_ROOT_CLASS = YES_ERROR;
				CLANG_WARN_SUSPICIOUS_MOVE = YES;
				CLANG_WARN_UNREACHABLE_CODE = YES;
				CLANG_WARN__DUPLICATE_METHOD_MATCH = YES;
				"CODE_SIGN_IDENTITY[sdk=iphoneos*]" = "iPhone Developer";
				COPY_PHASE_STRIP = NO;
				DEBUG_INFORMATION_FORMAT = dwarf;
				ENABLE_STRICT_OBJC_MSGSEND = YES;
				ENABLE_TESTABILITY = YES;
				GCC_C_LANGUAGE_STANDARD = gnu99;
				GCC_DYNAMIC_NO_PIC = NO;
				GCC_NO_COMMON_BLOCKS = YES;
				GCC_OPTIMIZATION_LEVEL = 0;
				GCC_PREPROCESSOR_DEFINITIONS = (
					"DEBUG=1",
					"$(inherited)",
				);
				GCC_WARN_64_TO_32_BIT_CONVERSION = YES;
				GCC_WARN_ABOUT_RETURN_TYPE = YES_ERROR;
				GCC_WARN_UNDECLARED_SELECTOR = YES;
				GCC_WARN_UNINITIALIZED_AUTOS = YES_AGGRESSIVE;
				GCC_WARN_UNUSED_FUNCTION = YES;
				GCC_WARN_UNUSED_VARIABLE = YES;
				IPHONEOS_DEPLOYMENT_TARGET = 10.3;
				MTL_ENABLE_DEBUG_INFO = YES;
				ONLY_ACTIVE_ARCH = YES;
				SDKROOT = iphoneos;
				SWIFT_ACTIVE_COMPILATION_CONDITIONS = DEBUG;
				SWIFT_OPTIMIZATION_LEVEL = "-Onone";
			};
			name = Debug;
		};
		BC34C0C51E932F0100EA1F91 /* Release */ = {
			isa = XCBuildConfiguration;
			buildSettings = {
				ALWAYS_SEARCH_USER_PATHS = NO;
				CLANG_ANALYZER_NONNULL = YES;
				CLANG_ANALYZER_NUMBER_OBJECT_CONVERSION = YES_AGGRESSIVE;
				CLANG_CXX_LANGUAGE_STANDARD = "gnu++0x";
				CLANG_CXX_LIBRARY = "libc++";
				CLANG_ENABLE_MODULES = YES;
				CLANG_ENABLE_OBJC_ARC = YES;
				CLANG_WARN_BOOL_CONVERSION = YES;
				CLANG_WARN_CONSTANT_CONVERSION = YES;
				CLANG_WARN_DIRECT_OBJC_ISA_USAGE = YES_ERROR;
				CLANG_WARN_DOCUMENTATION_COMMENTS = YES;
				CLANG_WARN_EMPTY_BODY = YES;
				CLANG_WARN_ENUM_CONVERSION = YES;
				CLANG_WARN_INFINITE_RECURSION = YES;
				CLANG_WARN_INT_CONVERSION = YES;
				CLANG_WARN_OBJC_ROOT_CLASS = YES_ERROR;
				CLANG_WARN_SUSPICIOUS_MOVE = YES;
				CLANG_WARN_UNREACHABLE_CODE = YES;
				CLANG_WARN__DUPLICATE_METHOD_MATCH = YES;
				"CODE_SIGN_IDENTITY[sdk=iphoneos*]" = "iPhone Developer";
				COPY_PHASE_STRIP = NO;
				DEBUG_INFORMATION_FORMAT = "dwarf-with-dsym";
				ENABLE_NS_ASSERTIONS = NO;
				ENABLE_STRICT_OBJC_MSGSEND = YES;
				GCC_C_LANGUAGE_STANDARD = gnu99;
				GCC_NO_COMMON_BLOCKS = YES;
				GCC_WARN_64_TO_32_BIT_CONVERSION = YES;
				GCC_WARN_ABOUT_RETURN_TYPE = YES_ERROR;
				GCC_WARN_UNDECLARED_SELECTOR = YES;
				GCC_WARN_UNINITIALIZED_AUTOS = YES_AGGRESSIVE;
				GCC_WARN_UNUSED_FUNCTION = YES;
				GCC_WARN_UNUSED_VARIABLE = YES;
				IPHONEOS_DEPLOYMENT_TARGET = 10.3;
				MTL_ENABLE_DEBUG_INFO = NO;
				SDKROOT = iphoneos;
				SWIFT_OPTIMIZATION_LEVEL = "-Owholemodule";
				VALIDATE_PRODUCT = YES;
			};
			name = Release;
		};
		BC34C0C71E932F0100EA1F91 /* Debug */ = {
			isa = XCBuildConfiguration;
			buildSettings = {
				ASSETCATALOG_COMPILER_APPICON_NAME = AppIcon;
				INFOPLIST_FILE = "ios-foundation-dateformater-demo/Info.plist";
				LD_RUNPATH_SEARCH_PATHS = "$(inherited) @executable_path/Frameworks";
				PRODUCT_BUNDLE_IDENTIFIER = "jp.st-ventures.ios-foundation-dateformater-demo";
				PRODUCT_NAME = "$(TARGET_NAME)";
				SWIFT_VERSION = 3.0;
			};
			name = Debug;
		};
		BC34C0C81E932F0100EA1F91 /* Release */ = {
			isa = XCBuildConfiguration;
			buildSettings = {
				ASSETCATALOG_COMPILER_APPICON_NAME = AppIcon;
				INFOPLIST_FILE = "ios-foundation-dateformater-demo/Info.plist";
				LD_RUNPATH_SEARCH_PATHS = "$(inherited) @executable_path/Frameworks";
				PRODUCT_BUNDLE_IDENTIFIER = "jp.st-ventures.ios-foundation-dateformater-demo";
				PRODUCT_NAME = "$(TARGET_NAME)";
				SWIFT_VERSION = 3.0;
			};
			name = Release;
		};
		BC34C0CA1E932F0100EA1F91 /* Debug */ = {
			isa = XCBuildConfiguration;
			buildSettings = {
				ALWAYS_EMBED_SWIFT_STANDARD_LIBRARIES = YES;
				BUNDLE_LOADER = "$(TEST_HOST)";
				INFOPLIST_FILE = "ios-foundation-dateformater-demoTests/Info.plist";
				LD_RUNPATH_SEARCH_PATHS = "$(inherited) @executable_path/Frameworks @loader_path/Frameworks";
				PRODUCT_BUNDLE_IDENTIFIER = "jp.st-ventures.ios-foundation-dateformater-demoTests";
				PRODUCT_NAME = "$(TARGET_NAME)";
				SWIFT_VERSION = 3.0;
				TEST_HOST = "$(BUILT_PRODUCTS_DIR)/ios-foundation-dateformater-demo.app/ios-foundation-dateformater-demo";
			};
			name = Debug;
		};
		BC34C0CB1E932F0100EA1F91 /* Release */ = {
			isa = XCBuildConfiguration;
			buildSettings = {
				ALWAYS_EMBED_SWIFT_STANDARD_LIBRARIES = YES;
				BUNDLE_LOADER = "$(TEST_HOST)";
				INFOPLIST_FILE = "ios-foundation-dateformater-demoTests/Info.plist";
				LD_RUNPATH_SEARCH_PATHS = "$(inherited) @executable_path/Frameworks @loader_path/Frameworks";
				PRODUCT_BUNDLE_IDENTIFIER = "jp.st-ventures.ios-foundation-dateformater-demoTests";
				PRODUCT_NAME = "$(TARGET_NAME)";
				SWIFT_VERSION = 3.0;
				TEST_HOST = "$(BUILT_PRODUCTS_DIR)/ios-foundation-dateformater-demo.app/ios-foundation-dateformater-demo";
			};
			name = Release;
		};
/* End XCBuildConfiguration section */

/* Begin XCConfigurationList section */
		BC34C0A41E932F0100EA1F91 /* Build configuration list for PBXProject "ios-foundation-dateformater-demo" */ = {
			isa = XCConfigurationList;
			buildConfigurations = (
				BC34C0C41E932F0100EA1F91 /* Debug */,
				BC34C0C51E932F0100EA1F91 /* Release */,
			);
			defaultConfigurationIsVisible = 0;
			defaultConfigurationName = Release;
		};
		BC34C0C61E932F0100EA1F91 /* Build configuration list for PBXNativeTarget "ios-foundation-dateformater-demo" */ = {
			isa = XCConfigurationList;
			buildConfigurations = (
				BC34C0C71E932F0100EA1F91 /* Debug */,
				BC34C0C81E932F0100EA1F91 /* Release */,
			);
			defaultConfigurationIsVisible = 0;
		};
		BC34C0C91E932F0100EA1F91 /* Build configuration list for PBXNativeTarget "ios-foundation-dateformater-demoTests" */ = {
			isa = XCConfigurationList;
			buildConfigurations = (
				BC34C0CA1E932F0100EA1F91 /* Debug */,
				BC34C0CB1E932F0100EA1F91 /* Release */,
			);
			defaultConfigurationIsVisible = 0;
		};
/* End XCConfigurationList section */
	};
	rootObject = BC34C0A11E932F0100EA1F91 /* Project object */;
}
